PODS:
  - FBSnapshotTestCase (2.1.4):
    - FBSnapshotTestCase/SwiftSupport (= 2.1.4)
  - FBSnapshotTestCase/Core (2.1.4)
  - FBSnapshotTestCase/SwiftSupport (2.1.4):
    - FBSnapshotTestCase/Core
  - MKBaseBleModule (1.0.5)

DEPENDENCIES:
  - FBSnapshotTestCase
  - MKBaseBleModule (from `../`)

SPEC REPOS:
  trunk:
    - FBSnapshotTestCase

EXTERNAL SOURCES:
  MKBaseBleModule:
    :path: "../"

SPEC CHECKSUMS:
  FBSnapshotTestCase: 094f9f314decbabe373b87cc339bea235a63e07a
  MKBaseBleModule: 73aa5ec72a1d0e9900f2cd513221d18665b63351

PODFILE CHECKSUM: 2a08af55f6ec1b19f7114409debf4c18436a4f05

COCOAPODS: 1.10.0.rc.1
